
Microsoft Visual Studio Solution File, Format Version 12.00
# Visual Studio 14
VisualStudioVersion = 14.0.25420.1
MinimumVisualStudioVersion = 10.0.40219.1
Project("{FAE04EC0-301F-11D3-BF4B-00C04F79EFBC}") = "MiniDisplayDemo", "Demo\MiniDisplayDemo.csproj", "{E01FDD63-C67B-4DE6-87C3-31EC6CD673B3}"
EndProject
Project("{8BC9CEB8-8B4A-11D0-8D11-00A0C91BC942}") = "SharpLibMiniDisplay", "Lib\SharpLibMiniDisplay.vcxproj", "{57469D42-1D97-4017-A498-B3024154F3BF}"
EndProject
Project("{8BC9CEB8-8B4A-11D0-8D11-00A0C91BC942}") = "Arduino", "..\Arduino\Arduino.vcxproj", "{C5F80730-F44F-4478-BDAE-6634EFC2CA88}"
EndProject
Global
	GlobalSection(SolutionConfigurationPlatforms) = preSolution
		Debug|Any CPU = Debug|Any CPU
		Debug|x64 = Debug|x64
		Debug|x86 = Debug|x86
		Release|Any CPU = Release|Any CPU
		Release|x64 = Release|x64
		Release|x86 = Release|x86
	EndGlobalSection
	GlobalSection(ProjectConfigurationPlatforms) = postSolution
		{E01FDD63-C67B-4DE6-87C3-31EC6CD673B3}.Debug|Any CPU.ActiveCfg = Debug|Any CPU
		{E01FDD63-C67B-4DE6-87C3-31EC6CD673B3}.Debug|Any CPU.Build.0 = Debug|Any CPU
		{E01FDD63-C67B-4DE6-87C3-31EC6CD673B3}.Debug|x64.ActiveCfg = Debug|Any CPU
		{E01FDD63-C67B-4DE6-87C3-31EC6CD673B3}.Debug|x64.Build.0 = Debug|Any CPU
		{E01FDD63-C67B-4DE6-87C3-31EC6CD673B3}.Debug|x86.ActiveCfg = Debug|Any CPU
		{E01FDD63-C67B-4DE6-87C3-31EC6CD673B3}.Debug|x86.Build.0 = Debug|Any CPU
		{E01FDD63-C67B-4DE6-87C3-31EC6CD673B3}.Release|Any CPU.ActiveCfg = Release|Any CPU
		{E01FDD63-C67B-4DE6-87C3-31EC6CD673B3}.Release|Any CPU.Build.0 = Release|Any CPU
		{E01FDD63-C67B-4DE6-87C3-31EC6CD673B3}.Release|x64.ActiveCfg = Release|Any CPU
		{E01FDD63-C67B-4DE6-87C3-31EC6CD673B3}.Release|x64.Build.0 = Release|Any CPU
		{E01FDD63-C67B-4DE6-87C3-31EC6CD673B3}.Release|x86.ActiveCfg = Release|Any CPU
		{E01FDD63-C67B-4DE6-87C3-31EC6CD673B3}.Release|x86.Build.0 = Release|Any CPU
		{57469D42-1D97-4017-A498-B3024154F3BF}.Debug|Any CPU.ActiveCfg = Debug|Win32
		{57469D42-1D97-4017-A498-B3024154F3BF}.Debug|Any CPU.Build.0 = Debug|Win32
		{57469D42-1D97-4017-A498-B3024154F3BF}.Debug|x64.ActiveCfg = Debug|Win32
		{57469D42-1D97-4017-A498-B3024154F3BF}.Debug|x64.Build.0 = Debug|Win32
		{57469D42-1D97-4017-A498-B3024154F3BF}.Debug|x86.ActiveCfg = Debug|Win32
		{57469D42-1D97-4017-A498-B3024154F3BF}.Debug|x86.Build.0 = Debug|Win32
		{57469D42-1D97-4017-A498-B3024154F3BF}.Release|Any CPU.ActiveCfg = Release|Win32
		{57469D42-1D97-4017-A498-B3024154F3BF}.Release|Any CPU.Build.0 = Release|Win32
		{57469D42-1D97-4017-A498-B3024154F3BF}.Release|x64.ActiveCfg = Release|Win32
		{57469D42-1D97-4017-A498-B3024154F3BF}.Release|x64.Build.0 = Release|Win32
		{57469D42-1D97-4017-A498-B3024154F3BF}.Release|x86.ActiveCfg = Release|Win32
		{57469D42-1D97-4017-A498-B3024154F3BF}.Release|x86.Build.0 = Release|Win32
		{C5F80730-F44F-4478-BDAE-6634EFC2CA88}.Debug|Any CPU.ActiveCfg = Debug|Win32
		{C5F80730-F44F-4478-BDAE-6634EFC2CA88}.Debug|x64.ActiveCfg = Debug|Win32
		{C5F80730-F44F-4478-BDAE-6634EFC2CA88}.Debug|x86.ActiveCfg = Debug|Win32
		{C5F80730-F44F-4478-BDAE-6634EFC2CA88}.Release|Any CPU.ActiveCfg = Release|Win32
		{C5F80730-F44F-4478-BDAE-6634EFC2CA88}.Release|x64.ActiveCfg = Release|Win32
		{C5F80730-F44F-4478-BDAE-6634EFC2CA88}.Release|x86.ActiveCfg = Release|Win32
	EndGlobalSection
	GlobalSection(SolutionProperties) = preSolution
		HideSolutionNode = FALSE
	EndGlobalSection
EndGlobal
